
Microsoft Visual Studio Solution File, Format Version 12.00
# Visual Studio Version 17
VisualStudioVersion = 17.1.32421.90
MinimumVisualStudioVersion = 10.0.40219.1
Project("{9A19103F-16F7-4668-BE54-9A1E7A4F7556}") = "HPAPI", "HPAPI\HPAPI.csproj", "{2D445FDD-9209-4101-A98B-75B08DC53669}"
EndProject
Project("{9A19103F-16F7-4668-BE54-9A1E7A4F7556}") = "HP.Entities", "HP.Entities\HP.Entities.csproj", "{30E4122D-3CF5-40E6-BED1-142050E7EBFC}"
EndProject
Project("{9A19103F-16F7-4668-BE54-9A1E7A4F7556}") = "HP.Business", "HP.Business\HP.Business.csproj", "{FBBE3E2C-6A9D-48A3-AA8B-C2B1997BFA93}"
EndProject
Project("{9A19103F-16F7-4668-BE54-9A1E7A4F7556}") = "HP.DataAccess", "HP.DataAccess\HP.DataAccess.csproj", "{FA51E324-010D-40BC-A61B-069CF03C9ECB}"
EndProject
Project("{FAE04EC0-301F-11D3-BF4B-00C04F79EFBC}") = "HP.DataTransferObjects", "HP.DataTransferObjects\HP.DataTransferObjects.csproj", "{B8508EF4-FC5D-4499-8645-E57DBF32EC60}"
EndProject
Global
	GlobalSection(SolutionConfigurationPlatforms) = preSolution
		Debug|Any CPU = Debug|Any CPU
		Release|Any CPU = Release|Any CPU
	EndGlobalSection
	GlobalSection(ProjectConfigurationPlatforms) = postSolution
		{2D445FDD-9209-4101-A98B-75B08DC53669}.Debug|Any CPU.ActiveCfg = Debug|Any CPU
		{2D445FDD-9209-4101-A98B-75B08DC53669}.Debug|Any CPU.Build.0 = Debug|Any CPU
		{2D445FDD-9209-4101-A98B-75B08DC53669}.Release|Any CPU.ActiveCfg = Release|Any CPU
		{2D445FDD-9209-4101-A98B-75B08DC53669}.Release|Any CPU.Build.0 = Release|Any CPU
		{30E4122D-3CF5-40E6-BED1-142050E7EBFC}.Debug|Any CPU.ActiveCfg = Debug|Any CPU
		{30E4122D-3CF5-40E6-BED1-142050E7EBFC}.Debug|Any CPU.Build.0 = Debug|Any CPU
		{30E4122D-3CF5-40E6-BED1-142050E7EBFC}.Release|Any CPU.ActiveCfg = Release|Any CPU
		{30E4122D-3CF5-40E6-BED1-142050E7EBFC}.Release|Any CPU.Build.0 = Release|Any CPU
		{FBBE3E2C-6A9D-48A3-AA8B-C2B1997BFA93}.Debug|Any CPU.ActiveCfg = Debug|Any CPU
		{FBBE3E2C-6A9D-48A3-AA8B-C2B1997BFA93}.Debug|Any CPU.Build.0 = Debug|Any CPU
		{FBBE3E2C-6A9D-48A3-AA8B-C2B1997BFA93}.Release|Any CPU.ActiveCfg = Release|Any CPU
		{FBBE3E2C-6A9D-48A3-AA8B-C2B1997BFA93}.Release|Any CPU.Build.0 = Release|Any CPU
		{FA51E324-010D-40BC-A61B-069CF03C9ECB}.Debug|Any CPU.ActiveCfg = Debug|Any CPU
		{FA51E324-010D-40BC-A61B-069CF03C9ECB}.Debug|Any CPU.Build.0 = Debug|Any CPU
		{FA51E324-010D-40BC-A61B-069CF03C9ECB}.Release|Any CPU.ActiveCfg = Release|Any CPU
		{FA51E324-010D-40BC-A61B-069CF03C9ECB}.Release|Any CPU.Build.0 = Release|Any CPU
		{B8508EF4-FC5D-4499-8645-E57DBF32EC60}.Debug|Any CPU.ActiveCfg = Debug|Any CPU
		{B8508EF4-FC5D-4499-8645-E57DBF32EC60}.Debug|Any CPU.Build.0 = Debug|Any CPU
		{B8508EF4-FC5D-4499-8645-E57DBF32EC60}.Release|Any CPU.ActiveCfg = Release|Any CPU
		{B8508EF4-FC5D-4499-8645-E57DBF32EC60}.Release|Any CPU.Build.0 = Release|Any CPU
	EndGlobalSection
	GlobalSection(SolutionProperties) = preSolution
		HideSolutionNode = FALSE
	EndGlobalSection
	GlobalSection(ExtensibilityGlobals) = postSolution
		SolutionGuid = {5E022A01-39E8-4D42-9D92-011537B55E02}
	EndGlobalSection
EndGlobal
